
Microsoft Visual Studio Solution File, Format Version 12.00
# Visual Studio Version 17
VisualStudioVersion = 17.9.34622.214
MinimumVisualStudioVersion = 10.0.40219.1
Project("{9A19103F-16F7-4668-BE54-9A1E7A4F7556}") = "crs.window", "crs.window\crs.window.csproj", "{BE12EB6C-4245-4D36-81F0-217DF113D108}"
EndProject
Project("{9A19103F-16F7-4668-BE54-9A1E7A4F7556}") = "crs.dialog", "crs.dialog\crs.dialog.csproj", "{65599760-DAB2-4717-8336-533B905F5ED2}"
EndProject
Project("{9A19103F-16F7-4668-BE54-9A1E7A4F7556}") = "crs.extension", "crs.extension\crs.extension.csproj", "{BC8234BE-98E2-450E-804A-3452ECC0394F}"
EndProject
Project("{9A19103F-16F7-4668-BE54-9A1E7A4F7556}") = "crs.theme", "crs.theme\crs.theme.csproj", "{269AD0A0-50ED-4CA4-BEE1-37A06D1CFECF}"
EndProject
Project("{9A19103F-16F7-4668-BE54-9A1E7A4F7556}") = "crs.core", "crs.core\crs.core.csproj", "{9F4D7B81-AB20-4175-A117-E043CFB4F450}"
EndProject
Project("{9A19103F-16F7-4668-BE54-9A1E7A4F7556}") = "crs.game", "crs.game\crs.game.csproj", "{C61817EC-1AFF-4120-B37B-6320252800F6}"
EndProject
Project("{FAE04EC0-301F-11D3-BF4B-00C04F79EFBC}") = "test.websocket", "test.websocket\test.websocket.csproj", "{67CA51B0-AA61-40CC-BB2C-125C693D72ED}"
EndProject
Global
	GlobalSection(SolutionConfigurationPlatforms) = preSolution
		Debug|Any CPU = Debug|Any CPU
		Debug|x64 = Debug|x64
		Release|Any CPU = Release|Any CPU
		Release|x64 = Release|x64
	EndGlobalSection
	GlobalSection(ProjectConfigurationPlatforms) = postSolution
		{BE12EB6C-4245-4D36-81F0-217DF113D108}.Debug|Any CPU.ActiveCfg = Debug|Any CPU
		{BE12EB6C-4245-4D36-81F0-217DF113D108}.Debug|Any CPU.Build.0 = Debug|Any CPU
		{BE12EB6C-4245-4D36-81F0-217DF113D108}.Debug|x64.ActiveCfg = Debug|x64
		{BE12EB6C-4245-4D36-81F0-217DF113D108}.Debug|x64.Build.0 = Debug|x64
		{BE12EB6C-4245-4D36-81F0-217DF113D108}.Release|Any CPU.ActiveCfg = Release|Any CPU
		{BE12EB6C-4245-4D36-81F0-217DF113D108}.Release|Any CPU.Build.0 = Release|Any CPU
		{BE12EB6C-4245-4D36-81F0-217DF113D108}.Release|x64.ActiveCfg = Release|x64
		{BE12EB6C-4245-4D36-81F0-217DF113D108}.Release|x64.Build.0 = Release|x64
		{65599760-DAB2-4717-8336-533B905F5ED2}.Debug|Any CPU.ActiveCfg = Debug|Any CPU
		{65599760-DAB2-4717-8336-533B905F5ED2}.Debug|Any CPU.Build.0 = Debug|Any CPU
		{65599760-DAB2-4717-8336-533B905F5ED2}.Debug|x64.ActiveCfg = Debug|x64
		{65599760-DAB2-4717-8336-533B905F5ED2}.Debug|x64.Build.0 = Debug|x64
		{65599760-DAB2-4717-8336-533B905F5ED2}.Release|Any CPU.ActiveCfg = Release|Any CPU
		{65599760-DAB2-4717-8336-533B905F5ED2}.Release|Any CPU.Build.0 = Release|Any CPU
		{65599760-DAB2-4717-8336-533B905F5ED2}.Release|x64.ActiveCfg = Release|x64
		{65599760-DAB2-4717-8336-533B905F5ED2}.Release|x64.Build.0 = Release|x64
		{BC8234BE-98E2-450E-804A-3452ECC0394F}.Debug|Any CPU.ActiveCfg = Debug|Any CPU
		{BC8234BE-98E2-450E-804A-3452ECC0394F}.Debug|Any CPU.Build.0 = Debug|Any CPU
		{BC8234BE-98E2-450E-804A-3452ECC0394F}.Debug|x64.ActiveCfg = Debug|x64
		{BC8234BE-98E2-450E-804A-3452ECC0394F}.Debug|x64.Build.0 = Debug|x64
		{BC8234BE-98E2-450E-804A-3452ECC0394F}.Release|Any CPU.ActiveCfg = Release|Any CPU
		{BC8234BE-98E2-450E-804A-3452ECC0394F}.Release|Any CPU.Build.0 = Release|Any CPU
		{BC8234BE-98E2-450E-804A-3452ECC0394F}.Release|x64.ActiveCfg = Release|x64
		{BC8234BE-98E2-450E-804A-3452ECC0394F}.Release|x64.Build.0 = Release|x64
		{269AD0A0-50ED-4CA4-BEE1-37A06D1CFECF}.Debug|Any CPU.ActiveCfg = Debug|Any CPU
		{269AD0A0-50ED-4CA4-BEE1-37A06D1CFECF}.Debug|Any CPU.Build.0 = Debug|Any CPU
		{269AD0A0-50ED-4CA4-BEE1-37A06D1CFECF}.Debug|x64.ActiveCfg = Debug|x64
		{269AD0A0-50ED-4CA4-BEE1-37A06D1CFECF}.Debug|x64.Build.0 = Debug|x64
		{269AD0A0-50ED-4CA4-BEE1-37A06D1CFECF}.Release|Any CPU.ActiveCfg = Release|Any CPU
		{269AD0A0-50ED-4CA4-BEE1-37A06D1CFECF}.Release|Any CPU.Build.0 = Release|Any CPU
		{269AD0A0-50ED-4CA4-BEE1-37A06D1CFECF}.Release|x64.ActiveCfg = Release|x64
		{269AD0A0-50ED-4CA4-BEE1-37A06D1CFECF}.Release|x64.Build.0 = Release|x64
		{9F4D7B81-AB20-4175-A117-E043CFB4F450}.Debug|Any CPU.ActiveCfg = Debug|Any CPU
		{9F4D7B81-AB20-4175-A117-E043CFB4F450}.Debug|Any CPU.Build.0 = Debug|Any CPU
		{9F4D7B81-AB20-4175-A117-E043CFB4F450}.Debug|x64.ActiveCfg = Debug|x64
		{9F4D7B81-AB20-4175-A117-E043CFB4F450}.Debug|x64.Build.0 = Debug|x64
		{9F4D7B81-AB20-4175-A117-E043CFB4F450}.Release|Any CPU.ActiveCfg = Release|Any CPU
		{9F4D7B81-AB20-4175-A117-E043CFB4F450}.Release|Any CPU.Build.0 = Release|Any CPU
		{9F4D7B81-AB20-4175-A117-E043CFB4F450}.Release|x64.ActiveCfg = Release|x64
		{9F4D7B81-AB20-4175-A117-E043CFB4F450}.Release|x64.Build.0 = Release|x64
		{C61817EC-1AFF-4120-B37B-6320252800F6}.Debug|Any CPU.ActiveCfg = Debug|Any CPU
		{C61817EC-1AFF-4120-B37B-6320252800F6}.Debug|Any CPU.Build.0 = Debug|Any CPU
		{C61817EC-1AFF-4120-B37B-6320252800F6}.Debug|x64.ActiveCfg = Debug|x64
		{C61817EC-1AFF-4120-B37B-6320252800F6}.Debug|x64.Build.0 = Debug|x64
		{C61817EC-1AFF-4120-B37B-6320252800F6}.Release|Any CPU.ActiveCfg = Release|Any CPU
		{C61817EC-1AFF-4120-B37B-6320252800F6}.Release|Any CPU.Build.0 = Release|Any CPU
		{C61817EC-1AFF-4120-B37B-6320252800F6}.Release|x64.ActiveCfg = Release|x64
		{C61817EC-1AFF-4120-B37B-6320252800F6}.Release|x64.Build.0 = Release|x64
		{67CA51B0-AA61-40CC-BB2C-125C693D72ED}.Debug|Any CPU.ActiveCfg = Debug|Any CPU
		{67CA51B0-AA61-40CC-BB2C-125C693D72ED}.Debug|Any CPU.Build.0 = Debug|Any CPU
		{67CA51B0-AA61-40CC-BB2C-125C693D72ED}.Debug|x64.ActiveCfg = Debug|Any CPU
		{67CA51B0-AA61-40CC-BB2C-125C693D72ED}.Debug|x64.Build.0 = Debug|Any CPU
		{67CA51B0-AA61-40CC-BB2C-125C693D72ED}.Release|Any CPU.ActiveCfg = Release|Any CPU
		{67CA51B0-AA61-40CC-BB2C-125C693D72ED}.Release|Any CPU.Build.0 = Release|Any CPU
		{67CA51B0-AA61-40CC-BB2C-125C693D72ED}.Release|x64.ActiveCfg = Release|Any CPU
		{67CA51B0-AA61-40CC-BB2C-125C693D72ED}.Release|x64.Build.0 = Release|Any CPU
	EndGlobalSection
	GlobalSection(SolutionProperties) = preSolution
		HideSolutionNode = FALSE
	EndGlobalSection
	GlobalSection(ExtensibilityGlobals) = postSolution
		SolutionGuid = {72BB89F6-39C0-45CE-8195-AB9674AF2973}
	EndGlobalSection
EndGlobal
